
Microsoft Visual Studio Solution File, Format Version 12.00
# Visual Studio Version 16
VisualStudioVersion = 16.0.32002.261
MinimumVisualStudioVersion = 10.0.40219.1
Project("{FAE04EC0-301F-11D3-BF4B-00C04F79EFBC}") = "FirstAspNetMVC", "FirstAspNetMVC\FirstAspNetMVC.csproj", "{360A4E2F-AB2A-4C2E-AE27-7B9EB421B575}"
EndProject
Global
	GlobalSection(SolutionConfigurationPlatforms) = preSolution
		Debug|Any CPU = Debug|Any CPU
		Release|Any CPU = Release|Any CPU
	EndGlobalSection
	GlobalSection(ProjectConfigurationPlatforms) = postSolution
		{360A4E2F-AB2A-4C2E-AE27-7B9EB421B575}.Debug|Any CPU.ActiveCfg = Debug|Any CPU
		{360A4E2F-AB2A-4C2E-AE27-7B9EB421B575}.Debug|Any CPU.Build.0 = Debug|Any CPU
		{360A4E2F-AB2A-4C2E-AE27-7B9EB421B575}.Release|Any CPU.ActiveCfg = Release|Any CPU
		{360A4E2F-AB2A-4C2E-AE27-7B9EB421B575}.Release|Any CPU.Build.0 = Release|Any CPU
	EndGlobalSection
	GlobalSection(SolutionProperties) = preSolution
		HideSolutionNode = FALSE
	EndGlobalSection
	GlobalSection(ExtensibilityGlobals) = postSolution
		SolutionGuid = {0025AE0C-7840-4AA5-BCFD-D7B15E20AB57}
	EndGlobalSection
EndGlobal
