
Microsoft Visual Studio Solution File, Format Version 12.00
# Visual Studio Version 16
VisualStudioVersion = 16.0.32002.261
MinimumVisualStudioVersion = 10.0.40219.1
Project("{FAE04EC0-301F-11D3-BF4B-00C04F79EFBC}") = "MVCProjeUI", "MVCProjeUI\MVCProjeUI.csproj", "{9809EB2B-D793-4AD4-B793-BE1CA7F55718}"
EndProject
Project("{FAE04EC0-301F-11D3-BF4B-00C04F79EFBC}") = "EntityLayer", "EntityLayer\EntityLayer.csproj", "{B615DE4A-8091-4E0B-97DF-A3DDCA17C07F}"
EndProject
Project("{FAE04EC0-301F-11D3-BF4B-00C04F79EFBC}") = "DataAccessLayer", "DataAccessLayer\DataAccessLayer.csproj", "{7B88E7A9-4621-48A2-B6CF-A69A2ECE23F7}"
EndProject
Project("{FAE04EC0-301F-11D3-BF4B-00C04F79EFBC}") = "BusinessLayer", "BusinessLayer\BusinessLayer.csproj", "{4565D210-75B4-4B00-9B2C-1550DB65FD96}"
EndProject
Global
	GlobalSection(SolutionConfigurationPlatforms) = preSolution
		Debug|Any CPU = Debug|Any CPU
		Release|Any CPU = Release|Any CPU
	EndGlobalSection
	GlobalSection(ProjectConfigurationPlatforms) = postSolution
		{9809EB2B-D793-4AD4-B793-BE1CA7F55718}.Debug|Any CPU.ActiveCfg = Debug|Any CPU
		{9809EB2B-D793-4AD4-B793-BE1CA7F55718}.Debug|Any CPU.Build.0 = Debug|Any CPU
		{9809EB2B-D793-4AD4-B793-BE1CA7F55718}.Release|Any CPU.ActiveCfg = Release|Any CPU
		{9809EB2B-D793-4AD4-B793-BE1CA7F55718}.Release|Any CPU.Build.0 = Release|Any CPU
		{B615DE4A-8091-4E0B-97DF-A3DDCA17C07F}.Debug|Any CPU.ActiveCfg = Debug|Any CPU
		{B615DE4A-8091-4E0B-97DF-A3DDCA17C07F}.Debug|Any CPU.Build.0 = Debug|Any CPU
		{B615DE4A-8091-4E0B-97DF-A3DDCA17C07F}.Release|Any CPU.ActiveCfg = Release|Any CPU
		{B615DE4A-8091-4E0B-97DF-A3DDCA17C07F}.Release|Any CPU.Build.0 = Release|Any CPU
		{7B88E7A9-4621-48A2-B6CF-A69A2ECE23F7}.Debug|Any CPU.ActiveCfg = Debug|Any CPU
		{7B88E7A9-4621-48A2-B6CF-A69A2ECE23F7}.Debug|Any CPU.Build.0 = Debug|Any CPU
		{7B88E7A9-4621-48A2-B6CF-A69A2ECE23F7}.Release|Any CPU.ActiveCfg = Release|Any CPU
		{7B88E7A9-4621-48A2-B6CF-A69A2ECE23F7}.Release|Any CPU.Build.0 = Release|Any CPU
		{4565D210-75B4-4B00-9B2C-1550DB65FD96}.Debug|Any CPU.ActiveCfg = Debug|Any CPU
		{4565D210-75B4-4B00-9B2C-1550DB65FD96}.Debug|Any CPU.Build.0 = Debug|Any CPU
		{4565D210-75B4-4B00-9B2C-1550DB65FD96}.Release|Any CPU.ActiveCfg = Release|Any CPU
		{4565D210-75B4-4B00-9B2C-1550DB65FD96}.Release|Any CPU.Build.0 = Release|Any CPU
	EndGlobalSection
	GlobalSection(SolutionProperties) = preSolution
		HideSolutionNode = FALSE
	EndGlobalSection
	GlobalSection(ExtensibilityGlobals) = postSolution
		SolutionGuid = {3394A808-8609-42CA-A749-12F987D6D21B}
	EndGlobalSection
EndGlobal
